
Microsoft Visual Studio Solution File, Format Version 12.00
# Visual Studio Version 17
VisualStudioVersion = 17.9.34902.65
MinimumVisualStudioVersion = 10.0.40219.1
Project("{8BC9CEB8-8B4A-11D0-8D11-00A0C91BC942}") = "Model_2", "Model_2\Model_2.vcxproj", "{84EAEE3E-B3E0-49DB-B9B3-E16D524C8552}"
EndProject
Global
	GlobalSection(SolutionConfigurationPlatforms) = preSolution
		Debug|ARM64 = Debug|ARM64
		Debug|x64 = Debug|x64
		Debug|x86 = Debug|x86
		Release|ARM64 = Release|ARM64
		Release|x64 = Release|x64
		Release|x86 = Release|x86
	EndGlobalSection
	GlobalSection(ProjectConfigurationPlatforms) = postSolution
		{84EAEE3E-B3E0-49DB-B9B3-E16D524C8552}.Debug|ARM64.ActiveCfg = Debug|ARM64
		{84EAEE3E-B3E0-49DB-B9B3-E16D524C8552}.Debug|ARM64.Build.0 = Debug|ARM64
		{84EAEE3E-B3E0-49DB-B9B3-E16D524C8552}.Debug|x64.ActiveCfg = Debug|x64
		{84EAEE3E-B3E0-49DB-B9B3-E16D524C8552}.Debug|x64.Build.0 = Debug|x64
		{84EAEE3E-B3E0-49DB-B9B3-E16D524C8552}.Debug|x86.ActiveCfg = Debug|Win32
		{84EAEE3E-B3E0-49DB-B9B3-E16D524C8552}.Debug|x86.Build.0 = Debug|Win32
		{84EAEE3E-B3E0-49DB-B9B3-E16D524C8552}.Release|ARM64.ActiveCfg = Release|ARM64
		{84EAEE3E-B3E0-49DB-B9B3-E16D524C8552}.Release|ARM64.Build.0 = Release|ARM64
		{84EAEE3E-B3E0-49DB-B9B3-E16D524C8552}.Release|x64.ActiveCfg = Release|x64
		{84EAEE3E-B3E0-49DB-B9B3-E16D524C8552}.Release|x64.Build.0 = Release|x64
		{84EAEE3E-B3E0-49DB-B9B3-E16D524C8552}.Release|x86.ActiveCfg = Release|Win32
		{84EAEE3E-B3E0-49DB-B9B3-E16D524C8552}.Release|x86.Build.0 = Release|Win32
	EndGlobalSection
	GlobalSection(SolutionProperties) = preSolution
		HideSolutionNode = FALSE
	EndGlobalSection
	GlobalSection(ExtensibilityGlobals) = postSolution
		SolutionGuid = {CF591166-0DFA-4FBD-B2EF-77AD79D67615}
	EndGlobalSection
EndGlobal
