
Microsoft Visual Studio Solution File, Format Version 12.00
# Visual Studio Version 17
VisualStudioVersion = 17.7.34202.233
MinimumVisualStudioVersion = 10.0.40219.1
Project("{8BC9CEB8-8B4A-11D0-8D11-00A0C91BC942}") = "Seminar3", "Seminar3\Seminar3.vcxproj", "{818FE138-5778-473E-9AA7-F65E57D8BFD0}"
EndProject
Global
	GlobalSection(SolutionConfigurationPlatforms) = preSolution
		Debug|ARM64 = Debug|ARM64
		Debug|x64 = Debug|x64
		Debug|x86 = Debug|x86
		Release|ARM64 = Release|ARM64
		Release|x64 = Release|x64
		Release|x86 = Release|x86
	EndGlobalSection
	GlobalSection(ProjectConfigurationPlatforms) = postSolution
		{818FE138-5778-473E-9AA7-F65E57D8BFD0}.Debug|ARM64.ActiveCfg = Debug|ARM64
		{818FE138-5778-473E-9AA7-F65E57D8BFD0}.Debug|ARM64.Build.0 = Debug|ARM64
		{818FE138-5778-473E-9AA7-F65E57D8BFD0}.Debug|x64.ActiveCfg = Debug|x64
		{818FE138-5778-473E-9AA7-F65E57D8BFD0}.Debug|x64.Build.0 = Debug|x64
		{818FE138-5778-473E-9AA7-F65E57D8BFD0}.Debug|x86.ActiveCfg = Debug|Win32
		{818FE138-5778-473E-9AA7-F65E57D8BFD0}.Debug|x86.Build.0 = Debug|Win32
		{818FE138-5778-473E-9AA7-F65E57D8BFD0}.Release|ARM64.ActiveCfg = Release|ARM64
		{818FE138-5778-473E-9AA7-F65E57D8BFD0}.Release|ARM64.Build.0 = Release|ARM64
		{818FE138-5778-473E-9AA7-F65E57D8BFD0}.Release|x64.ActiveCfg = Release|x64
		{818FE138-5778-473E-9AA7-F65E57D8BFD0}.Release|x64.Build.0 = Release|x64
		{818FE138-5778-473E-9AA7-F65E57D8BFD0}.Release|x86.ActiveCfg = Release|Win32
		{818FE138-5778-473E-9AA7-F65E57D8BFD0}.Release|x86.Build.0 = Release|Win32
	EndGlobalSection
	GlobalSection(SolutionProperties) = preSolution
		HideSolutionNode = FALSE
	EndGlobalSection
	GlobalSection(ExtensibilityGlobals) = postSolution
		SolutionGuid = {304D0331-F85A-442D-B84E-73CD5250A4B0}
	EndGlobalSection
EndGlobal
