
Microsoft Visual Studio Solution File, Format Version 12.00
# Visual Studio Version 17
VisualStudioVersion = 17.9.34902.65
MinimumVisualStudioVersion = 10.0.40219.1
Project("{8BC9CEB8-8B4A-11D0-8D11-00A0C91BC942}") = "Model_34", "Model_34\Model_34.vcxproj", "{7E6012DC-6F74-4E2A-9155-A1D47D3A1D7A}"
EndProject
Global
	GlobalSection(SolutionConfigurationPlatforms) = preSolution
		Debug|ARM64 = Debug|ARM64
		Debug|x64 = Debug|x64
		Debug|x86 = Debug|x86
		Release|ARM64 = Release|ARM64
		Release|x64 = Release|x64
		Release|x86 = Release|x86
	EndGlobalSection
	GlobalSection(ProjectConfigurationPlatforms) = postSolution
		{7E6012DC-6F74-4E2A-9155-A1D47D3A1D7A}.Debug|ARM64.ActiveCfg = Debug|ARM64
		{7E6012DC-6F74-4E2A-9155-A1D47D3A1D7A}.Debug|ARM64.Build.0 = Debug|ARM64
		{7E6012DC-6F74-4E2A-9155-A1D47D3A1D7A}.Debug|x64.ActiveCfg = Debug|x64
		{7E6012DC-6F74-4E2A-9155-A1D47D3A1D7A}.Debug|x64.Build.0 = Debug|x64
		{7E6012DC-6F74-4E2A-9155-A1D47D3A1D7A}.Debug|x86.ActiveCfg = Debug|Win32
		{7E6012DC-6F74-4E2A-9155-A1D47D3A1D7A}.Debug|x86.Build.0 = Debug|Win32
		{7E6012DC-6F74-4E2A-9155-A1D47D3A1D7A}.Release|ARM64.ActiveCfg = Release|ARM64
		{7E6012DC-6F74-4E2A-9155-A1D47D3A1D7A}.Release|ARM64.Build.0 = Release|ARM64
		{7E6012DC-6F74-4E2A-9155-A1D47D3A1D7A}.Release|x64.ActiveCfg = Release|x64
		{7E6012DC-6F74-4E2A-9155-A1D47D3A1D7A}.Release|x64.Build.0 = Release|x64
		{7E6012DC-6F74-4E2A-9155-A1D47D3A1D7A}.Release|x86.ActiveCfg = Release|Win32
		{7E6012DC-6F74-4E2A-9155-A1D47D3A1D7A}.Release|x86.Build.0 = Release|Win32
	EndGlobalSection
	GlobalSection(SolutionProperties) = preSolution
		HideSolutionNode = FALSE
	EndGlobalSection
	GlobalSection(ExtensibilityGlobals) = postSolution
		SolutionGuid = {43E7BC99-1033-4567-9023-CD79D0B314F4}
	EndGlobalSection
EndGlobal
