
Microsoft Visual Studio Solution File, Format Version 12.00
# Visual Studio Version 17
VisualStudioVersion = 17.9.34902.65
MinimumVisualStudioVersion = 10.0.40219.1
Project("{8BC9CEB8-8B4A-11D0-8D11-00A0C91BC942}") = "Model_33", "Model_33\Model_33.vcxproj", "{3358CD25-BC96-4BE2-AD77-D2165BFC9199}"
EndProject
Global
	GlobalSection(SolutionConfigurationPlatforms) = preSolution
		Debug|ARM64 = Debug|ARM64
		Debug|x64 = Debug|x64
		Debug|x86 = Debug|x86
		Release|ARM64 = Release|ARM64
		Release|x64 = Release|x64
		Release|x86 = Release|x86
	EndGlobalSection
	GlobalSection(ProjectConfigurationPlatforms) = postSolution
		{3358CD25-BC96-4BE2-AD77-D2165BFC9199}.Debug|ARM64.ActiveCfg = Debug|ARM64
		{3358CD25-BC96-4BE2-AD77-D2165BFC9199}.Debug|ARM64.Build.0 = Debug|ARM64
		{3358CD25-BC96-4BE2-AD77-D2165BFC9199}.Debug|x64.ActiveCfg = Debug|x64
		{3358CD25-BC96-4BE2-AD77-D2165BFC9199}.Debug|x64.Build.0 = Debug|x64
		{3358CD25-BC96-4BE2-AD77-D2165BFC9199}.Debug|x86.ActiveCfg = Debug|Win32
		{3358CD25-BC96-4BE2-AD77-D2165BFC9199}.Debug|x86.Build.0 = Debug|Win32
		{3358CD25-BC96-4BE2-AD77-D2165BFC9199}.Release|ARM64.ActiveCfg = Release|ARM64
		{3358CD25-BC96-4BE2-AD77-D2165BFC9199}.Release|ARM64.Build.0 = Release|ARM64
		{3358CD25-BC96-4BE2-AD77-D2165BFC9199}.Release|x64.ActiveCfg = Release|x64
		{3358CD25-BC96-4BE2-AD77-D2165BFC9199}.Release|x64.Build.0 = Release|x64
		{3358CD25-BC96-4BE2-AD77-D2165BFC9199}.Release|x86.ActiveCfg = Release|Win32
		{3358CD25-BC96-4BE2-AD77-D2165BFC9199}.Release|x86.Build.0 = Release|Win32
	EndGlobalSection
	GlobalSection(SolutionProperties) = preSolution
		HideSolutionNode = FALSE
	EndGlobalSection
	GlobalSection(ExtensibilityGlobals) = postSolution
		SolutionGuid = {38E6AAD9-7762-442A-B4BE-F49661787068}
	EndGlobalSection
EndGlobal
