
Microsoft Visual Studio Solution File, Format Version 12.00
# Visual Studio Version 17
VisualStudioVersion = 17.9.34902.65
MinimumVisualStudioVersion = 10.0.40219.1
Project("{8BC9CEB8-8B4A-11D0-8D11-00A0C91BC942}") = "6_Arbore_Binar_De_Cautare", "6_Arbore_Binar_De_Cautare\6_Arbore_Binar_De_Cautare.vcxproj", "{1FBC976A-AC39-4FC1-9F9A-38A339C9DACA}"
EndProject
Global
	GlobalSection(SolutionConfigurationPlatforms) = preSolution
		Debug|ARM64 = Debug|ARM64
		Debug|x64 = Debug|x64
		Debug|x86 = Debug|x86
		Release|ARM64 = Release|ARM64
		Release|x64 = Release|x64
		Release|x86 = Release|x86
	EndGlobalSection
	GlobalSection(ProjectConfigurationPlatforms) = postSolution
		{1FBC976A-AC39-4FC1-9F9A-38A339C9DACA}.Debug|ARM64.ActiveCfg = Debug|ARM64
		{1FBC976A-AC39-4FC1-9F9A-38A339C9DACA}.Debug|ARM64.Build.0 = Debug|ARM64
		{1FBC976A-AC39-4FC1-9F9A-38A339C9DACA}.Debug|x64.ActiveCfg = Debug|x64
		{1FBC976A-AC39-4FC1-9F9A-38A339C9DACA}.Debug|x64.Build.0 = Debug|x64
		{1FBC976A-AC39-4FC1-9F9A-38A339C9DACA}.Debug|x86.ActiveCfg = Debug|Win32
		{1FBC976A-AC39-4FC1-9F9A-38A339C9DACA}.Debug|x86.Build.0 = Debug|Win32
		{1FBC976A-AC39-4FC1-9F9A-38A339C9DACA}.Release|ARM64.ActiveCfg = Release|ARM64
		{1FBC976A-AC39-4FC1-9F9A-38A339C9DACA}.Release|ARM64.Build.0 = Release|ARM64
		{1FBC976A-AC39-4FC1-9F9A-38A339C9DACA}.Release|x64.ActiveCfg = Release|x64
		{1FBC976A-AC39-4FC1-9F9A-38A339C9DACA}.Release|x64.Build.0 = Release|x64
		{1FBC976A-AC39-4FC1-9F9A-38A339C9DACA}.Release|x86.ActiveCfg = Release|Win32
		{1FBC976A-AC39-4FC1-9F9A-38A339C9DACA}.Release|x86.Build.0 = Release|Win32
	EndGlobalSection
	GlobalSection(SolutionProperties) = preSolution
		HideSolutionNode = FALSE
	EndGlobalSection
	GlobalSection(ExtensibilityGlobals) = postSolution
		SolutionGuid = {09C435F0-C469-4D19-B959-1C47E8C68EAD}
	EndGlobalSection
EndGlobal
