
Microsoft Visual Studio Solution File, Format Version 12.00
# Visual Studio Version 17
VisualStudioVersion = 17.7.34202.233
MinimumVisualStudioVersion = 10.0.40219.1
Project("{8BC9CEB8-8B4A-11D0-8D11-00A0C91BC942}") = "Seminar3.2", "Seminar3.2\Seminar3.2.vcxproj", "{0C031170-8543-4D7F-A039-3DA3B11CCCF2}"
EndProject
Global
	GlobalSection(SolutionConfigurationPlatforms) = preSolution
		Debug|ARM64 = Debug|ARM64
		Debug|x64 = Debug|x64
		Debug|x86 = Debug|x86
		Release|ARM64 = Release|ARM64
		Release|x64 = Release|x64
		Release|x86 = Release|x86
	EndGlobalSection
	GlobalSection(ProjectConfigurationPlatforms) = postSolution
		{0C031170-8543-4D7F-A039-3DA3B11CCCF2}.Debug|ARM64.ActiveCfg = Debug|ARM64
		{0C031170-8543-4D7F-A039-3DA3B11CCCF2}.Debug|ARM64.Build.0 = Debug|ARM64
		{0C031170-8543-4D7F-A039-3DA3B11CCCF2}.Debug|x64.ActiveCfg = Debug|x64
		{0C031170-8543-4D7F-A039-3DA3B11CCCF2}.Debug|x64.Build.0 = Debug|x64
		{0C031170-8543-4D7F-A039-3DA3B11CCCF2}.Debug|x86.ActiveCfg = Debug|Win32
		{0C031170-8543-4D7F-A039-3DA3B11CCCF2}.Debug|x86.Build.0 = Debug|Win32
		{0C031170-8543-4D7F-A039-3DA3B11CCCF2}.Release|ARM64.ActiveCfg = Release|ARM64
		{0C031170-8543-4D7F-A039-3DA3B11CCCF2}.Release|ARM64.Build.0 = Release|ARM64
		{0C031170-8543-4D7F-A039-3DA3B11CCCF2}.Release|x64.ActiveCfg = Release|x64
		{0C031170-8543-4D7F-A039-3DA3B11CCCF2}.Release|x64.Build.0 = Release|x64
		{0C031170-8543-4D7F-A039-3DA3B11CCCF2}.Release|x86.ActiveCfg = Release|Win32
		{0C031170-8543-4D7F-A039-3DA3B11CCCF2}.Release|x86.Build.0 = Release|Win32
	EndGlobalSection
	GlobalSection(SolutionProperties) = preSolution
		HideSolutionNode = FALSE
	EndGlobalSection
	GlobalSection(ExtensibilityGlobals) = postSolution
		SolutionGuid = {FC76D544-4DDE-4DE1-A4D9-B8957C4CF813}
	EndGlobalSection
EndGlobal
