
Microsoft Visual Studio Solution File, Format Version 12.00
# Visual Studio Version 17
VisualStudioVersion = 17.7.34202.233
MinimumVisualStudioVersion = 10.0.40219.1
Project("{8BC9CEB8-8B4A-11D0-8D11-00A0C91BC942}") = "A_Problema_4", "A_Problema_4\A_Problema_4.vcxproj", "{7D192354-3C23-4147-8245-C31776F1B6C9}"
EndProject
Global
	GlobalSection(SolutionConfigurationPlatforms) = preSolution
		Debug|ARM64 = Debug|ARM64
		Debug|x64 = Debug|x64
		Debug|x86 = Debug|x86
		Release|ARM64 = Release|ARM64
		Release|x64 = Release|x64
		Release|x86 = Release|x86
	EndGlobalSection
	GlobalSection(ProjectConfigurationPlatforms) = postSolution
		{7D192354-3C23-4147-8245-C31776F1B6C9}.Debug|ARM64.ActiveCfg = Debug|ARM64
		{7D192354-3C23-4147-8245-C31776F1B6C9}.Debug|ARM64.Build.0 = Debug|ARM64
		{7D192354-3C23-4147-8245-C31776F1B6C9}.Debug|x64.ActiveCfg = Debug|x64
		{7D192354-3C23-4147-8245-C31776F1B6C9}.Debug|x64.Build.0 = Debug|x64
		{7D192354-3C23-4147-8245-C31776F1B6C9}.Debug|x86.ActiveCfg = Debug|Win32
		{7D192354-3C23-4147-8245-C31776F1B6C9}.Debug|x86.Build.0 = Debug|Win32
		{7D192354-3C23-4147-8245-C31776F1B6C9}.Release|ARM64.ActiveCfg = Release|ARM64
		{7D192354-3C23-4147-8245-C31776F1B6C9}.Release|ARM64.Build.0 = Release|ARM64
		{7D192354-3C23-4147-8245-C31776F1B6C9}.Release|x64.ActiveCfg = Release|x64
		{7D192354-3C23-4147-8245-C31776F1B6C9}.Release|x64.Build.0 = Release|x64
		{7D192354-3C23-4147-8245-C31776F1B6C9}.Release|x86.ActiveCfg = Release|Win32
		{7D192354-3C23-4147-8245-C31776F1B6C9}.Release|x86.Build.0 = Release|Win32
	EndGlobalSection
	GlobalSection(SolutionProperties) = preSolution
		HideSolutionNode = FALSE
	EndGlobalSection
	GlobalSection(ExtensibilityGlobals) = postSolution
		SolutionGuid = {A5A97D1F-61DE-482F-BB50-0BE77463F5FA}
	EndGlobalSection
EndGlobal
